// !$*UTF8*$!
{
	archiveVersion = 1;
	classes = {
	};
	objectVersion = 46;
	objects = {

/* Begin PBXBuildFile section */
		312DD29C167E7A560066B81A /* DeviceController.xib in Resources */ = {isa = PBXBuildFile; fileRef = 312DD29B167E7A560066B81A /* DeviceController.xib */; };
		312DD2A0167E8E850066B81A /* calibrateUntouchedField.pdf in Resources */ = {isa = PBXBuildFile; fileRef = 312DD29F167E8E850066B81A /* calibrateUntouchedField.pdf */; };
		312DD2A2167E8F670066B81A /* calibrateTouch.pdf in Resources */ = {isa = PBXBuildFile; fileRef = 312DD2A1167E8F670066B81A /* calibrateTouch.pdf */; };
		312DD2A5167E907A0066B81A /* connect.pdf in Resources */ = {isa = PBXBuildFile; fileRef = 312DD2A3167E907A0066B81A /* connect.pdf */; };
		312DD2A6167E907A0066B81A /* disconnect.pdf in Resources */ = {isa = PBXBuildFile; fileRef = 312DD2A4167E907A0066B81A /* disconnect.pdf */; };
		313F1500167E2505009E4A80 /* Lidar2DConnection.m in Sources */ = {isa = PBXBuildFile; fileRef = 31D72C1D167B331000230548 /* Lidar2DConnection.m */; };
		314DEBA616803EB20060CD61 /* TouchCalibrationTargetPanel.m in Sources */ = {isa = PBXBuildFile; fileRef = 314DEBA516803EB20060CD61 /* TouchCalibrationTargetPanel.m */; };
		31B41F8116803A0100C04CC0 /* touchCalibrationTarget.pdf in Resources */ = {isa = PBXBuildFile; fileRef = 31B41F8016803A0100C04CC0 /* touchCalibrationTarget.pdf */; };
		31D72B52167548F300230548 /* SCIP20Channel.m in Sources */ = {isa = PBXBuildFile; fileRef = 31D72B51167548F300230548 /* SCIP20Channel.m */; };
		31D72B5616755C9600230548 /* ByteChannel.m in Sources */ = {isa = PBXBuildFile; fileRef = 31D72B5516755C9600230548 /* ByteChannel.m */; };
		31D72B6316767A0C00230548 /* Dumper.m in Sources */ = {isa = PBXBuildFile; fileRef = 31D72B6216767A0C00230548 /* Dumper.m */; };
		31D72B6B1676A0EB00230548 /* Cocoa.framework in Frameworks */ = {isa = PBXBuildFile; fileRef = 31D72B6A1676A0EB00230548 /* Cocoa.framework */; };
		31D72B751676A0EB00230548 /* InfoPlist.strings in Resources */ = {isa = PBXBuildFile; fileRef = 31D72B731676A0EB00230548 /* InfoPlist.strings */; };
		31D72B771676A0EB00230548 /* main.m in Sources */ = {isa = PBXBuildFile; fileRef = 31D72B761676A0EB00230548 /* main.m */; };
		31D72B7B1676A0EB00230548 /* Credits.rtf in Resources */ = {isa = PBXBuildFile; fileRef = 31D72B791676A0EB00230548 /* Credits.rtf */; };
		31D72B7E1676A0EB00230548 /* AppDelegate.m in Sources */ = {isa = PBXBuildFile; fileRef = 31D72B7D1676A0EB00230548 /* AppDelegate.m */; };
		31D72B811676A0EC00230548 /* MainMenu.xib in Resources */ = {isa = PBXBuildFile; fileRef = 31D72B7F1676A0EC00230548 /* MainMenu.xib */; };
		31D72B871676A23400230548 /* RawDataGraphView.m in Sources */ = {isa = PBXBuildFile; fileRef = 31D72B861676A23400230548 /* RawDataGraphView.m */; };
		31D72B881676A24E00230548 /* Lidar2DManager.m in Sources */ = {isa = PBXBuildFile; fileRef = 31EEC99B167333E500EEB995 /* Lidar2DManager.m */; };
		31D72B891676A24E00230548 /* Lidar2D.m in Sources */ = {isa = PBXBuildFile; fileRef = 31EEC9A61673D82E00EEB995 /* Lidar2D.m */; };
		31D72B8A1676A24E00230548 /* SCIP20Channel.m in Sources */ = {isa = PBXBuildFile; fileRef = 31D72B51167548F300230548 /* SCIP20Channel.m */; };
		31D72B8B1676A24E00230548 /* ByteChannel.m in Sources */ = {isa = PBXBuildFile; fileRef = 31D72B5516755C9600230548 /* ByteChannel.m */; };
		31D72B8C1676A29F00230548 /* IOKit.framework in Frameworks */ = {isa = PBXBuildFile; fileRef = 31EEC99D1673367100EEB995 /* IOKit.framework */; };
		31D72B901676DCCD00230548 /* DeviceController.m in Sources */ = {isa = PBXBuildFile; fileRef = 31D72B8E1676DCCD00230548 /* DeviceController.m */; };
		31D72BC01676F01F00230548 /* DeviceControlWindow.m in Sources */ = {isa = PBXBuildFile; fileRef = 31D72BBF1676F01F00230548 /* DeviceControlWindow.m */; };
		31D72C0B1679C6A600230548 /* Accelerate.framework in Frameworks */ = {isa = PBXBuildFile; fileRef = 31D72C0A1679C6A600230548 /* Accelerate.framework */; };
		31D72C0F167A754800230548 /* TouchDetector.mm in Sources */ = {isa = PBXBuildFile; fileRef = 31D72C0E167A754800230548 /* TouchDetector.mm */; };
		31D72C12167A865300230548 /* DqdObserverSet.m in Sources */ = {isa = PBXBuildFile; fileRef = 31D72C11167A865300230548 /* DqdObserverSet.m */; };
		31D72C1E167B331000230548 /* Lidar2DConnection.m in Sources */ = {isa = PBXBuildFile; fileRef = 31D72C1D167B331000230548 /* Lidar2DConnection.m */; };
		31D72C21167B3FF000230548 /* DqdObserverSet.m in Sources */ = {isa = PBXBuildFile; fileRef = 31D72C11167A865300230548 /* DqdObserverSet.m */; };
		31EEC90B1672FB0100EEB995 /* Foundation.framework in Frameworks */ = {isa = PBXBuildFile; fileRef = 31EEC90A1672FB0100EEB995 /* Foundation.framework */; };
		31EEC90E1672FB0100EEB995 /* main.m in Sources */ = {isa = PBXBuildFile; fileRef = 31EEC90D1672FB0100EEB995 /* main.m */; };
		31EEC9731672FD5200EEB995 /* urg_connection.c in Sources */ = {isa = PBXBuildFile; fileRef = 31EEC9461672FCA600EEB995 /* urg_connection.c */; };
		31EEC9741672FD5200EEB995 /* urg_debug.c in Sources */ = {isa = PBXBuildFile; fileRef = 31EEC9471672FCA600EEB995 /* urg_debug.c */; };
		31EEC9751672FD5200EEB995 /* urg_ring_buffer.c in Sources */ = {isa = PBXBuildFile; fileRef = 31EEC9481672FCA600EEB995 /* urg_ring_buffer.c */; };
		31EEC9761672FD5200EEB995 /* urg_sensor.c in Sources */ = {isa = PBXBuildFile; fileRef = 31EEC9491672FCA600EEB995 /* urg_sensor.c */; };
		31EEC9771672FD5200EEB995 /* urg_serial.c in Sources */ = {isa = PBXBuildFile; fileRef = 31EEC94A1672FCA600EEB995 /* urg_serial.c */; };
		31EEC9791672FD5200EEB995 /* urg_serial_utils.c in Sources */ = {isa = PBXBuildFile; fileRef = 31EEC94C1672FCA600EEB995 /* urg_serial_utils.c */; };
		31EEC97D1672FD5200EEB995 /* urg_tcpclient.c in Sources */ = {isa = PBXBuildFile; fileRef = 31EEC9501672FCA600EEB995 /* urg_tcpclient.c */; };
		31EEC97E1672FD5200EEB995 /* urg_utils.c in Sources */ = {isa = PBXBuildFile; fileRef = 31EEC9511672FCA600EEB995 /* urg_utils.c */; };
		31EEC98D1672FE4700EEB995 /* calculate_xy.c in Sources */ = {isa = PBXBuildFile; fileRef = 31EEC92C1672FCA600EEB995 /* calculate_xy.c */; };
		31EEC98F1672FE8A00EEB995 /* liburg.a in Frameworks */ = {isa = PBXBuildFile; fileRef = 31EEC96F1672FD4100EEB995 /* liburg.a */; };
		31EEC9901672FF7C00EEB995 /* open_urg_sensor.c in Sources */ = {isa = PBXBuildFile; fileRef = 31EEC93A1672FCA600EEB995 /* open_urg_sensor.c */; };
		31EEC99C167333E500EEB995 /* Lidar2DManager.m in Sources */ = {isa = PBXBuildFile; fileRef = 31EEC99B167333E500EEB995 /* Lidar2DManager.m */; };
		31EEC99E1673367100EEB995 /* IOKit.framework in Frameworks */ = {isa = PBXBuildFile; fileRef = 31EEC99D1673367100EEB995 /* IOKit.framework */; };
		31EEC9A416733A8600EEB995 /* Application.m in Sources */ = {isa = PBXBuildFile; fileRef = 31EEC9A316733A8600EEB995 /* Application.m */; };
		31EEC9A71673D82F00EEB995 /* Lidar2D.m in Sources */ = {isa = PBXBuildFile; fileRef = 31EEC9A61673D82E00EEB995 /* Lidar2D.m */; };
/* End PBXBuildFile section */

/* Begin PBXCopyFilesBuildPhase section */
		31EEC9041672FB0100EEB995 /* CopyFiles */ = {
			isa = PBXCopyFilesBuildPhase;
			buildActionMask = 2147483647;
			dstPath = /usr/share/man/man1/;
			dstSubfolderSpec = 0;
			files = (
			);
			runOnlyForDeploymentPostprocessing = 1;
		};
		31EEC9811672FE3400EEB995 /* CopyFiles */ = {
			isa = PBXCopyFilesBuildPhase;
			buildActionMask = 2147483647;
			dstPath = /usr/share/man/man1/;
			dstSubfolderSpec = 0;
			files = (
			);
			runOnlyForDeploymentPostprocessing = 1;
		};
/* End PBXCopyFilesBuildPhase section */

/* Begin PBXFileReference section */
		312DD29B167E7A560066B81A /* DeviceController.xib */ = {isa = PBXFileReference; fileEncoding = 4; lastKnownFileType = file.xib; path = DeviceController.xib; sourceTree = "<group>"; };
		312DD29F167E8E850066B81A /* calibrateUntouchedField.pdf */ = {isa = PBXFileReference; lastKnownFileType = image.pdf; path = calibrateUntouchedField.pdf; sourceTree = "<group>"; };
		312DD2A1167E8F670066B81A /* calibrateTouch.pdf */ = {isa = PBXFileReference; lastKnownFileType = image.pdf; path = calibrateTouch.pdf; sourceTree = "<group>"; };
		312DD2A3167E907A0066B81A /* connect.pdf */ = {isa = PBXFileReference; lastKnownFileType = image.pdf; path = connect.pdf; sourceTree = "<group>"; };
		312DD2A4167E907A0066B81A /* disconnect.pdf */ = {isa = PBXFileReference; lastKnownFileType = image.pdf; path = disconnect.pdf; sourceTree = "<group>"; };
		313F14F2167C68F0009E4A80 /* Lidar2D+Creation.h */ = {isa = PBXFileReference; fileEncoding = 4; lastKnownFileType = sourcecode.c.h; path = "Lidar2D+Creation.h"; sourceTree = "<group>"; };
		314DEBA416803EB20060CD61 /* TouchCalibrationTargetPanel.h */ = {isa = PBXFileReference; fileEncoding = 4; lastKnownFileType = sourcecode.c.h; path = TouchCalibrationTargetPanel.h; sourceTree = "<group>"; };
		314DEBA516803EB20060CD61 /* TouchCalibrationTargetPanel.m */ = {isa = PBXFileReference; fileEncoding = 4; lastKnownFileType = sourcecode.c.objc; path = TouchCalibrationTargetPanel.m; sourceTree = "<group>"; };
		31B41F8016803A0100C04CC0 /* touchCalibrationTarget.pdf */ = {isa = PBXFileReference; lastKnownFileType = image.pdf; path = touchCalibrationTarget.pdf; sourceTree = "<group>"; };
		31D72B50167548F300230548 /* SCIP20Channel.h */ = {isa = PBXFileReference; fileEncoding = 4; lastKnownFileType = sourcecode.c.h; path = SCIP20Channel.h; sourceTree = "<group>"; };
		31D72B51167548F300230548 /* SCIP20Channel.m */ = {isa = PBXFileReference; fileEncoding = 4; lastKnownFileType = sourcecode.c.objc; path = SCIP20Channel.m; sourceTree = "<group>"; };
		31D72B5416755C9600230548 /* ByteChannel.h */ = {isa = PBXFileReference; fileEncoding = 4; lastKnownFileType = sourcecode.c.h; path = ByteChannel.h; sourceTree = "<group>"; };
		31D72B5516755C9600230548 /* ByteChannel.m */ = {isa = PBXFileReference; fileEncoding = 4; lastKnownFileType = sourcecode.c.objc; path = ByteChannel.m; sourceTree = "<group>"; };
		31D72B6116767A0C00230548 /* Dumper.h */ = {isa = PBXFileReference; fileEncoding = 4; lastKnownFileType = sourcecode.c.h; path = Dumper.h; sourceTree = "<group>"; };
		31D72B6216767A0C00230548 /* Dumper.m */ = {isa = PBXFileReference; fileEncoding = 4; lastKnownFileType = sourcecode.c.objc; path = Dumper.m; sourceTree = "<group>"; };
		31D72B681676A0EB00230548 /* MickeyMouseApp.app */ = {isa = PBXFileReference; explicitFileType = wrapper.application; includeInIndex = 0; path = MickeyMouseApp.app; sourceTree = BUILT_PRODUCTS_DIR; };
		31D72B6A1676A0EB00230548 /* Cocoa.framework */ = {isa = PBXFileReference; lastKnownFileType = wrapper.framework; name = Cocoa.framework; path = System/Library/Frameworks/Cocoa.framework; sourceTree = SDKROOT; };
		31D72B6D1676A0EB00230548 /* AppKit.framework */ = {isa = PBXFileReference; lastKnownFileType = wrapper.framework; name = AppKit.framework; path = System/Library/Frameworks/AppKit.framework; sourceTree = SDKROOT; };
		31D72B6E1676A0EB00230548 /* CoreData.framework */ = {isa = PBXFileReference; lastKnownFileType = wrapper.framework; name = CoreData.framework; path = System/Library/Frameworks/CoreData.framework; sourceTree = SDKROOT; };
		31D72B6F1676A0EB00230548 /* Foundation.framework */ = {isa = PBXFileReference; lastKnownFileType = wrapper.framework; name = Foundation.framework; path = System/Library/Frameworks/Foundation.framework; sourceTree = SDKROOT; };
		31D72B721676A0EB00230548 /* MickeyMouseApp-Info.plist */ = {isa = PBXFileReference; lastKnownFileType = text.plist.xml; path = "MickeyMouseApp-Info.plist"; sourceTree = "<group>"; };
		31D72B741676A0EB00230548 /* en */ = {isa = PBXFileReference; lastKnownFileType = text.plist.strings; name = en; path = en.lproj/InfoPlist.strings; sourceTree = "<group>"; };
		31D72B761676A0EB00230548 /* main.m */ = {isa = PBXFileReference; lastKnownFileType = sourcecode.c.objc; path = main.m; sourceTree = "<group>"; };
		31D72B781676A0EB00230548 /* MickeyMouseApp-Prefix.pch */ = {isa = PBXFileReference; lastKnownFileType = sourcecode.c.h; path = "MickeyMouseApp-Prefix.pch"; sourceTree = "<group>"; };
		31D72B7A1676A0EB00230548 /* en */ = {isa = PBXFileReference; lastKnownFileType = text.rtf; name = en; path = en.lproj/Credits.rtf; sourceTree = "<group>"; };
		31D72B7C1676A0EB00230548 /* AppDelegate.h */ = {isa = PBXFileReference; lastKnownFileType = sourcecode.c.h; path = AppDelegate.h; sourceTree = "<group>"; };
		31D72B7D1676A0EB00230548 /* AppDelegate.m */ = {isa = PBXFileReference; lastKnownFileType = sourcecode.c.objc; path = AppDelegate.m; sourceTree = "<group>"; };
		31D72B801676A0EC00230548 /* en */ = {isa = PBXFileReference; lastKnownFileType = file.xib; name = en; path = en.lproj/MainMenu.xib; sourceTree = "<group>"; };
		31D72B851676A23400230548 /* RawDataGraphView.h */ = {isa = PBXFileReference; fileEncoding = 4; lastKnownFileType = sourcecode.c.h; path = RawDataGraphView.h; sourceTree = "<group>"; };
		31D72B861676A23400230548 /* RawDataGraphView.m */ = {isa = PBXFileReference; fileEncoding = 4; lastKnownFileType = sourcecode.c.objc; path = RawDataGraphView.m; sourceTree = "<group>"; };
		31D72B8D1676DCCD00230548 /* DeviceController.h */ = {isa = PBXFileReference; fileEncoding = 4; lastKnownFileType = sourcecode.c.h; path = DeviceController.h; sourceTree = "<group>"; };
		31D72B8E1676DCCD00230548 /* DeviceController.m */ = {isa = PBXFileReference; fileEncoding = 4; lastKnownFileType = sourcecode.c.objc; path = DeviceController.m; sourceTree = "<group>"; };
		31D72BBE1676F01F00230548 /* DeviceControlWindow.h */ = {isa = PBXFileReference; fileEncoding = 4; lastKnownFileType = sourcecode.c.h; path = DeviceControlWindow.h; sourceTree = "<group>"; };
		31D72BBF1676F01F00230548 /* DeviceControlWindow.m */ = {isa = PBXFileReference; fileEncoding = 4; lastKnownFileType = sourcecode.c.objc; path = DeviceControlWindow.m; sourceTree = "<group>"; };
		31D72C0A1679C6A600230548 /* Accelerate.framework */ = {isa = PBXFileReference; lastKnownFileType = wrapper.framework; name = Accelerate.framework; path = System/Library/Frameworks/Accelerate.framework; sourceTree = SDKROOT; };
		31D72C0D167A754700230548 /* TouchDetector.h */ = {isa = PBXFileReference; fileEncoding = 4; lastKnownFileType = sourcecode.c.h; path = TouchDetector.h; sourceTree = "<group>"; };
		31D72C0E167A754800230548 /* TouchDetector.mm */ = {isa = PBXFileReference; fileEncoding = 4; lastKnownFileType = sourcecode.cpp.objcpp; path = TouchDetector.mm; sourceTree = "<group>"; };
		31D72C10167A865300230548 /* DqdObserverSet.h */ = {isa = PBXFileReference; fileEncoding = 4; lastKnownFileType = sourcecode.c.h; path = DqdObserverSet.h; sourceTree = "<group>"; };
		31D72C11167A865300230548 /* DqdObserverSet.m */ = {isa = PBXFileReference; fileEncoding = 4; lastKnownFileType = sourcecode.c.objc; path = DqdObserverSet.m; sourceTree = "<group>"; };
		31D72C1C167B331000230548 /* Lidar2DConnection.h */ = {isa = PBXFileReference; fileEncoding = 4; lastKnownFileType = sourcecode.c.h; path = Lidar2DConnection.h; sourceTree = "<group>"; };
		31D72C1D167B331000230548 /* Lidar2DConnection.m */ = {isa = PBXFileReference; fileEncoding = 4; lastKnownFileType = sourcecode.c.objc; path = Lidar2DConnection.m; sourceTree = "<group>"; };
		31D72C20167B364700230548 /* Lidar2DAncillary.h */ = {isa = PBXFileReference; lastKnownFileType = sourcecode.c.h; path = Lidar2DAncillary.h; sourceTree = "<group>"; };
		31EEC9061672FB0100EEB995 /* dumpStreamingData */ = {isa = PBXFileReference; explicitFileType = "compiled.mach-o.executable"; includeInIndex = 0; path = dumpStreamingData; sourceTree = BUILT_PRODUCTS_DIR; };
		31EEC90A1672FB0100EEB995 /* Foundation.framework */ = {isa = PBXFileReference; lastKnownFileType = wrapper.framework; name = Foundation.framework; path = System/Library/Frameworks/Foundation.framework; sourceTree = SDKROOT; };
		31EEC90D1672FB0100EEB995 /* main.m */ = {isa = PBXFileReference; lastKnownFileType = sourcecode.c.objc; path = main.m; sourceTree = "<group>"; };
		31EEC9101672FB0100EEB995 /* dumpStreamingData-Prefix.pch */ = {isa = PBXFileReference; lastKnownFileType = sourcecode.c.h; path = "dumpStreamingData-Prefix.pch"; sourceTree = "<group>"; };
		31EEC9191672FCA600EEB995 /* AUTHORS.txt */ = {isa = PBXFileReference; lastKnownFileType = text; path = AUTHORS.txt; sourceTree = "<group>"; };
		31EEC91A1672FCA600EEB995 /* COPYRIGHT.txt */ = {isa = PBXFileReference; lastKnownFileType = text; path = COPYRIGHT.txt; sourceTree = "<group>"; };
		31EEC91C1672FCA600EEB995 /* urg_connection.h */ = {isa = PBXFileReference; lastKnownFileType = sourcecode.c.h; path = urg_connection.h; sourceTree = "<group>"; };
		31EEC91D1672FCA600EEB995 /* urg_debug.h */ = {isa = PBXFileReference; lastKnownFileType = sourcecode.c.h; path = urg_debug.h; sourceTree = "<group>"; };
		31EEC91E1672FCA600EEB995 /* urg_detect_os.h */ = {isa = PBXFileReference; lastKnownFileType = sourcecode.c.h; path = urg_detect_os.h; sourceTree = "<group>"; };
		31EEC91F1672FCA600EEB995 /* urg_errno.h */ = {isa = PBXFileReference; lastKnownFileType = sourcecode.c.h; path = urg_errno.h; sourceTree = "<group>"; };
		31EEC9201672FCA600EEB995 /* urg_ring_buffer.h */ = {isa = PBXFileReference; lastKnownFileType = sourcecode.c.h; path = urg_ring_buffer.h; sourceTree = "<group>"; };
		31EEC9211672FCA600EEB995 /* urg_sensor.h */ = {isa = PBXFileReference; lastKnownFileType = sourcecode.c.h; path = urg_sensor.h; sourceTree = "<group>"; };
		31EEC9221672FCA600EEB995 /* urg_serial.h */ = {isa = PBXFileReference; lastKnownFileType = sourcecode.c.h; path = urg_serial.h; sourceTree = "<group>"; };
		31EEC9231672FCA600EEB995 /* urg_serial_utils.h */ = {isa = PBXFileReference; lastKnownFileType = sourcecode.c.h; path = urg_serial_utils.h; sourceTree = "<group>"; };
		31EEC9241672FCA600EEB995 /* urg_tcpclient.h */ = {isa = PBXFileReference; lastKnownFileType = sourcecode.c.h; path = urg_tcpclient.h; sourceTree = "<group>"; };
		31EEC9251672FCA600EEB995 /* urg_utils.h */ = {isa = PBXFileReference; lastKnownFileType = sourcecode.c.h; path = urg_utils.h; sourceTree = "<group>"; };
		31EEC9261672FCA600EEB995 /* Install.txt */ = {isa = PBXFileReference; lastKnownFileType = text; path = Install.txt; sourceTree = "<group>"; };
		31EEC9271672FCA600EEB995 /* Makefile */ = {isa = PBXFileReference; lastKnownFileType = sourcecode.make; path = Makefile; sourceTree = "<group>"; };
		31EEC9281672FCA600EEB995 /* Readme.txt */ = {isa = PBXFileReference; lastKnownFileType = text; path = Readme.txt; sourceTree = "<group>"; };
		31EEC9291672FCA600EEB995 /* Releasenotes.txt */ = {isa = PBXFileReference; lastKnownFileType = text; path = Releasenotes.txt; sourceTree = "<group>"; };
		31EEC92C1672FCA600EEB995 /* calculate_xy.c */ = {isa = PBXFileReference; lastKnownFileType = sourcecode.c.c; path = calculate_xy.c; sourceTree = "<group>"; };
		31EEC92E1672FCA600EEB995 /* find_port.c */ = {isa = PBXFileReference; lastKnownFileType = sourcecode.c.c; path = find_port.c; sourceTree = "<group>"; };
		31EEC9301672FCA600EEB995 /* get_distance.c */ = {isa = PBXFileReference; lastKnownFileType = sourcecode.c.c; path = get_distance.c; sourceTree = "<group>"; };
		31EEC9321672FCA600EEB995 /* get_distance_intensity.c */ = {isa = PBXFileReference; lastKnownFileType = sourcecode.c.c; path = get_distance_intensity.c; sourceTree = "<group>"; };
		31EEC9341672FCA600EEB995 /* get_multiecho.c */ = {isa = PBXFileReference; lastKnownFileType = sourcecode.c.c; path = get_multiecho.c; sourceTree = "<group>"; };
		31EEC9361672FCA600EEB995 /* get_multiecho_intensity.c */ = {isa = PBXFileReference; lastKnownFileType = sourcecode.c.c; path = get_multiecho_intensity.c; sourceTree = "<group>"; };
		31EEC9371672FCA600EEB995 /* ld_setupapi.sh */ = {isa = PBXFileReference; lastKnownFileType = text.script.sh; path = ld_setupapi.sh; sourceTree = "<group>"; };
		31EEC9381672FCA600EEB995 /* ld_wsock.sh */ = {isa = PBXFileReference; lastKnownFileType = text.script.sh; path = ld_wsock.sh; sourceTree = "<group>"; };
		31EEC9391672FCA600EEB995 /* Makefile */ = {isa = PBXFileReference; lastKnownFileType = sourcecode.make; path = Makefile; sourceTree = "<group>"; };
		31EEC93A1672FCA600EEB995 /* open_urg_sensor.c */ = {isa = PBXFileReference; lastKnownFileType = sourcecode.c.c; path = open_urg_sensor.c; sourceTree = "<group>"; };
		31EEC93B1672FCA600EEB995 /* open_urg_sensor.h */ = {isa = PBXFileReference; lastKnownFileType = sourcecode.c.h; path = open_urg_sensor.h; sourceTree = "<group>"; };
		31EEC93D1672FCA600EEB995 /* reboot_test.c */ = {isa = PBXFileReference; lastKnownFileType = sourcecode.c.c; path = reboot_test.c; sourceTree = "<group>"; };
		31EEC93F1672FCA600EEB995 /* sensor_parameter.c */ = {isa = PBXFileReference; lastKnownFileType = sourcecode.c.c; path = sensor_parameter.c; sourceTree = "<group>"; };
		31EEC9411672FCA600EEB995 /* sync_time_stamp.c */ = {isa = PBXFileReference; lastKnownFileType = sourcecode.c.c; path = sync_time_stamp.c; sourceTree = "<group>"; };
		31EEC9421672FCA600EEB995 /* timeout_test.c */ = {isa = PBXFileReference; lastKnownFileType = sourcecode.c.c; path = timeout_test.c; sourceTree = "<group>"; };
		31EEC9451672FCA600EEB995 /* Makefile */ = {isa = PBXFileReference; lastKnownFileType = sourcecode.make; path = Makefile; sourceTree = "<group>"; };
		31EEC9461672FCA600EEB995 /* urg_connection.c */ = {isa = PBXFileReference; lastKnownFileType = sourcecode.c.c; path = urg_connection.c; sourceTree = "<group>"; };
		31EEC9471672FCA600EEB995 /* urg_debug.c */ = {isa = PBXFileReference; lastKnownFileType = sourcecode.c.c; path = urg_debug.c; sourceTree = "<group>"; };
		31EEC9481672FCA600EEB995 /* urg_ring_buffer.c */ = {isa = PBXFileReference; lastKnownFileType = sourcecode.c.c; path = urg_ring_buffer.c; sourceTree = "<group>"; };
		31EEC9491672FCA600EEB995 /* urg_sensor.c */ = {isa = PBXFileReference; lastKnownFileType = sourcecode.c.c; path = urg_sensor.c; sourceTree = "<group>"; };
		31EEC94A1672FCA600EEB995 /* urg_serial.c */ = {isa = PBXFileReference; lastKnownFileType = sourcecode.c.c; path = urg_serial.c; sourceTree = "<group>"; };
		31EEC94B1672FCA600EEB995 /* urg_serial_linux.c */ = {isa = PBXFileReference; lastKnownFileType = sourcecode.c.c; path = urg_serial_linux.c; sourceTree = "<group>"; };
		31EEC94C1672FCA600EEB995 /* urg_serial_utils.c */ = {isa = PBXFileReference; lastKnownFileType = sourcecode.c.c; path = urg_serial_utils.c; sourceTree = "<group>"; };
		31EEC94D1672FCA600EEB995 /* urg_serial_utils_linux.c */ = {isa = PBXFileReference; lastKnownFileType = sourcecode.c.c; path = urg_serial_utils_linux.c; sourceTree = "<group>"; };
		31EEC94E1672FCA600EEB995 /* urg_serial_utils_windows.c */ = {isa = PBXFileReference; lastKnownFileType = sourcecode.c.c; path = urg_serial_utils_windows.c; sourceTree = "<group>"; };
		31EEC94F1672FCA600EEB995 /* urg_serial_windows.c */ = {isa = PBXFileReference; lastKnownFileType = sourcecode.c.c; path = urg_serial_windows.c; sourceTree = "<group>"; };
		31EEC9501672FCA600EEB995 /* urg_tcpclient.c */ = {isa = PBXFileReference; lastKnownFileType = sourcecode.c.c; path = urg_tcpclient.c; sourceTree = "<group>"; };
		31EEC9511672FCA600EEB995 /* urg_utils.c */ = {isa = PBXFileReference; lastKnownFileType = sourcecode.c.c; path = urg_utils.c; sourceTree = "<group>"; };
		31EEC9521672FCA600EEB995 /* urg_c-config */ = {isa = PBXFileReference; lastKnownFileType = text.script.sh; path = "urg_c-config"; sourceTree = "<group>"; };
		31EEC9531672FCA600EEB995 /* urg_c-config.in */ = {isa = PBXFileReference; lastKnownFileType = text.script.sh; path = "urg_c-config.in"; sourceTree = "<group>"; };
		31EEC9561672FCA600EEB995 /* calculate_xy.vcproj */ = {isa = PBXFileReference; lastKnownFileType = text.xml; path = calculate_xy.vcproj; sourceTree = "<group>"; };
		31EEC9581672FCA600EEB995 /* find_port.vcproj */ = {isa = PBXFileReference; lastKnownFileType = text.xml; path = find_port.vcproj; sourceTree = "<group>"; };
		31EEC95A1672FCA600EEB995 /* get_distance.vcproj */ = {isa = PBXFileReference; lastKnownFileType = text.xml; path = get_distance.vcproj; sourceTree = "<group>"; };
		31EEC95C1672FCA600EEB995 /* get_distance_intensity.vcproj */ = {isa = PBXFileReference; lastKnownFileType = text.xml; path = get_distance_intensity.vcproj; sourceTree = "<group>"; };
		31EEC95E1672FCA600EEB995 /* get_multiecho.vcproj */ = {isa = PBXFileReference; lastKnownFileType = text.xml; path = get_multiecho.vcproj; sourceTree = "<group>"; };
		31EEC9601672FCA600EEB995 /* get_multiecho_intensity.vcproj */ = {isa = PBXFileReference; lastKnownFileType = text.xml; path = get_multiecho_intensity.vcproj; sourceTree = "<group>"; };
		31EEC9621672FCA600EEB995 /* sensor_parameter.vcproj */ = {isa = PBXFileReference; lastKnownFileType = text.xml; path = sensor_parameter.vcproj; sourceTree = "<group>"; };
		31EEC9641672FCA600EEB995 /* sync_time_stamp.vcproj */ = {isa = PBXFileReference; lastKnownFileType = text.xml; path = sync_time_stamp.vcproj; sourceTree = "<group>"; };
		31EEC9661672FCA600EEB995 /* urg.vcproj */ = {isa = PBXFileReference; lastKnownFileType = text.xml; path = urg.vcproj; sourceTree = "<group>"; };
		31EEC9671672FCA600EEB995 /* urg.sln */ = {isa = PBXFileReference; lastKnownFileType = text; path = urg.sln; sourceTree = "<group>"; };
		31EEC9691672FCA600EEB995 /* cleanobj.bat */ = {isa = PBXFileReference; lastKnownFileType = text; path = cleanobj.bat; sourceTree = "<group>"; };
		31EEC96A1672FCA600EEB995 /* compile.bat */ = {isa = PBXFileReference; lastKnownFileType = text; path = compile.bat; sourceTree = "<group>"; };
		31EEC96F1672FD4100EEB995 /* liburg.a */ = {isa = PBXFileReference; explicitFileType = archive.ar; includeInIndex = 0; path = liburg.a; sourceTree = BUILT_PRODUCTS_DIR; };
		31EEC9831672FE3400EEB995 /* calculate_xy */ = {isa = PBXFileReference; explicitFileType = "compiled.mach-o.executable"; includeInIndex = 0; path = calculate_xy; sourceTree = BUILT_PRODUCTS_DIR; };
		31EEC99A167333E500EEB995 /* Lidar2DManager.h */ = {isa = PBXFileReference; fileEncoding = 4; lastKnownFileType = sourcecode.c.h; path = Lidar2DManager.h; sourceTree = "<group>"; };
		31EEC99B167333E500EEB995 /* Lidar2DManager.m */ = {isa = PBXFileReference; fileEncoding = 4; lastKnownFileType = sourcecode.c.objc; path = Lidar2DManager.m; sourceTree = "<group>"; };
		31EEC99D1673367100EEB995 /* IOKit.framework */ = {isa = PBXFileReference; lastKnownFileType = wrapper.framework; name = IOKit.framework; path = System/Library/Frameworks/IOKit.framework; sourceTree = SDKROOT; };
		31EEC9A216733A8500EEB995 /* Application.h */ = {isa = PBXFileReference; fileEncoding = 4; lastKnownFileType = sourcecode.c.h; path = Application.h; sourceTree = "<group>"; };
		31EEC9A316733A8600EEB995 /* Application.m */ = {isa = PBXFileReference; fileEncoding = 4; lastKnownFileType = sourcecode.c.objc; path = Application.m; sourceTree = "<group>"; };
		31EEC9A51673D82E00EEB995 /* Lidar2D.h */ = {isa = PBXFileReference; fileEncoding = 4; lastKnownFileType = sourcecode.c.h; path = Lidar2D.h; sourceTree = "<group>"; };
		31EEC9A61673D82E00EEB995 /* Lidar2D.m */ = {isa = PBXFileReference; fileEncoding = 4; lastKnownFileType = sourcecode.c.objc; path = Lidar2D.m; sourceTree = "<group>"; };
/* End PBXFileReference section */

/* Begin PBXFrameworksBuildPhase section */
		31D72B651676A0EB00230548 /* Frameworks */ = {
			isa = PBXFrameworksBuildPhase;
			buildActionMask = 2147483647;
			files = (
				31D72C0B1679C6A600230548 /* Accelerate.framework in Frameworks */,
				31D72B8C1676A29F00230548 /* IOKit.framework in Frameworks */,
				31D72B6B1676A0EB00230548 /* Cocoa.framework in Frameworks */,
			);
			runOnlyForDeploymentPostprocessing = 0;
		};
		31EEC9031672FB0100EEB995 /* Frameworks */ = {
			isa = PBXFrameworksBuildPhase;
			buildActionMask = 2147483647;
			files = (
				31EEC99E1673367100EEB995 /* IOKit.framework in Frameworks */,
				31EEC90B1672FB0100EEB995 /* Foundation.framework in Frameworks */,
			);
			runOnlyForDeploymentPostprocessing = 0;
		};
		31EEC96C1672FD4100EEB995 /* Frameworks */ = {
			isa = PBXFrameworksBuildPhase;
			buildActionMask = 2147483647;
			files = (
			);
			runOnlyForDeploymentPostprocessing = 0;
		};
		31EEC9801672FE3400EEB995 /* Frameworks */ = {
			isa = PBXFrameworksBuildPhase;
			buildActionMask = 2147483647;
			files = (
				31EEC98F1672FE8A00EEB995 /* liburg.a in Frameworks */,
			);
			runOnlyForDeploymentPostprocessing = 0;
		};
/* End PBXFrameworksBuildPhase section */

/* Begin PBXGroup section */
		31B41F8316803A0D00C04CC0 /* Icons */ = {
			isa = PBXGroup;
			children = (
				31B41F8016803A0100C04CC0 /* touchCalibrationTarget.pdf */,
				312DD2A3167E907A0066B81A /* connect.pdf */,
				312DD2A4167E907A0066B81A /* disconnect.pdf */,
				312DD2A1167E8F670066B81A /* calibrateTouch.pdf */,
				312DD29F167E8E850066B81A /* calibrateUntouchedField.pdf */,
			);
			name = Icons;
			sourceTree = "<group>";
		};
		31D72B531675500800230548 /* Lidar2D */ = {
			isa = PBXGroup;
			children = (
				31D72C19167B32EE00230548 /* Public API */,
				31D72C1B167B32F300230548 /* Implementation */,
			);
			path = Lidar2D;
			sourceTree = "<group>";
		};
		31D72B6C1676A0EB00230548 /* Other Frameworks */ = {
			isa = PBXGroup;
			children = (
				31D72B6D1676A0EB00230548 /* AppKit.framework */,
				31D72B6E1676A0EB00230548 /* CoreData.framework */,
				31D72B6F1676A0EB00230548 /* Foundation.framework */,
			);
			name = "Other Frameworks";
			sourceTree = "<group>";
		};
		31D72B701676A0EB00230548 /* MickeyMouseApp */ = {
			isa = PBXGroup;
			children = (
				31B41F8316803A0D00C04CC0 /* Icons */,
				31D72B7C1676A0EB00230548 /* AppDelegate.h */,
				31D72B7D1676A0EB00230548 /* AppDelegate.m */,
				31D72B7F1676A0EC00230548 /* MainMenu.xib */,
				31D72B8D1676DCCD00230548 /* DeviceController.h */,
				31D72B8E1676DCCD00230548 /* DeviceController.m */,
				312DD29B167E7A560066B81A /* DeviceController.xib */,
				31D72B851676A23400230548 /* RawDataGraphView.h */,
				31D72B861676A23400230548 /* RawDataGraphView.m */,
				31D72C0D167A754700230548 /* TouchDetector.h */,
				31D72C0E167A754800230548 /* TouchDetector.mm */,
				31D72BBE1676F01F00230548 /* DeviceControlWindow.h */,
				31D72BBF1676F01F00230548 /* DeviceControlWindow.m */,
				314DEBA416803EB20060CD61 /* TouchCalibrationTargetPanel.h */,
				314DEBA516803EB20060CD61 /* TouchCalibrationTargetPanel.m */,
				31D72B711676A0EB00230548 /* Supporting Files */,
			);
			path = MickeyMouseApp;
			sourceTree = "<group>";
		};
		31D72B711676A0EB00230548 /* Supporting Files */ = {
			isa = PBXGroup;
			children = (
				31D72B721676A0EB00230548 /* MickeyMouseApp-Info.plist */,
				31D72B731676A0EB00230548 /* InfoPlist.strings */,
				31D72B761676A0EB00230548 /* main.m */,
				31D72B781676A0EB00230548 /* MickeyMouseApp-Prefix.pch */,
				31D72B791676A0EB00230548 /* Credits.rtf */,
			);
			name = "Supporting Files";
			sourceTree = "<group>";
		};
		31D72C19167B32EE00230548 /* Public API */ = {
			isa = PBXGroup;
			children = (
				31EEC99A167333E500EEB995 /* Lidar2DManager.h */,
				31EEC9A51673D82E00EEB995 /* Lidar2D.h */,
				31D72C20167B364700230548 /* Lidar2DAncillary.h */,
			);
			name = "Public API";
			sourceTree = "<group>";
		};
		31D72C1B167B32F300230548 /* Implementation */ = {
			isa = PBXGroup;
			children = (
				31EEC99B167333E500EEB995 /* Lidar2DManager.m */,
				313F14F2167C68F0009E4A80 /* Lidar2D+Creation.h */,
				31EEC9A61673D82E00EEB995 /* Lidar2D.m */,
				31D72B50167548F300230548 /* SCIP20Channel.h */,
				31D72B51167548F300230548 /* SCIP20Channel.m */,
				31D72B5416755C9600230548 /* ByteChannel.h */,
				31D72B5516755C9600230548 /* ByteChannel.m */,
				31D72C1C167B331000230548 /* Lidar2DConnection.h */,
				31D72C1D167B331000230548 /* Lidar2DConnection.m */,
				31D72C10167A865300230548 /* DqdObserverSet.h */,
				31D72C11167A865300230548 /* DqdObserverSet.m */,
			);
			name = Implementation;
			sourceTree = "<group>";
		};
		31EEC8FB1672FB0100EEB995 = {
			isa = PBXGroup;
			children = (
				31D72B531675500800230548 /* Lidar2D */,
				31D72B701676A0EB00230548 /* MickeyMouseApp */,
				31EEC90C1672FB0100EEB995 /* dumpStreamingData */,
				31EEC9181672FCA600EEB995 /* urg_library-1.0.3 */,
				31EEC9091672FB0100EEB995 /* Frameworks */,
				31EEC9071672FB0100EEB995 /* Products */,
			);
			sourceTree = "<group>";
		};
		31EEC9071672FB0100EEB995 /* Products */ = {
			isa = PBXGroup;
			children = (
				31EEC9061672FB0100EEB995 /* dumpStreamingData */,
				31EEC96F1672FD4100EEB995 /* liburg.a */,
				31EEC9831672FE3400EEB995 /* calculate_xy */,
				31D72B681676A0EB00230548 /* MickeyMouseApp.app */,
			);
			name = Products;
			sourceTree = "<group>";
		};
		31EEC9091672FB0100EEB995 /* Frameworks */ = {
			isa = PBXGroup;
			children = (
				31D72C0A1679C6A600230548 /* Accelerate.framework */,
				31EEC99D1673367100EEB995 /* IOKit.framework */,
				31EEC90A1672FB0100EEB995 /* Foundation.framework */,
				31D72B6A1676A0EB00230548 /* Cocoa.framework */,
				31D72B6C1676A0EB00230548 /* Other Frameworks */,
			);
			name = Frameworks;
			sourceTree = "<group>";
		};
		31EEC90C1672FB0100EEB995 /* dumpStreamingData */ = {
			isa = PBXGroup;
			children = (
				31EEC90D1672FB0100EEB995 /* main.m */,
				31EEC9A216733A8500EEB995 /* Application.h */,
				31EEC9A316733A8600EEB995 /* Application.m */,
				31D72B6116767A0C00230548 /* Dumper.h */,
				31D72B6216767A0C00230548 /* Dumper.m */,
				31EEC90F1672FB0100EEB995 /* Supporting Files */,
			);
			path = dumpStreamingData;
			sourceTree = "<group>";
		};
		31EEC90F1672FB0100EEB995 /* Supporting Files */ = {
			isa = PBXGroup;
			children = (
				31EEC9101672FB0100EEB995 /* dumpStreamingData-Prefix.pch */,
			);
			name = "Supporting Files";
			sourceTree = "<group>";
		};
		31EEC9181672FCA600EEB995 /* urg_library-1.0.3 */ = {
			isa = PBXGroup;
			children = (
				31EEC9191672FCA600EEB995 /* AUTHORS.txt */,
				31EEC91A1672FCA600EEB995 /* COPYRIGHT.txt */,
				31EEC91B1672FCA600EEB995 /* include */,
				31EEC9261672FCA600EEB995 /* Install.txt */,
				31EEC9271672FCA600EEB995 /* Makefile */,
				31EEC9281672FCA600EEB995 /* Readme.txt */,
				31EEC9291672FCA600EEB995 /* Releasenotes.txt */,
				31EEC92A1672FCA600EEB995 /* samples */,
				31EEC9431672FCA600EEB995 /* src */,
				31EEC9521672FCA600EEB995 /* urg_c-config */,
				31EEC9531672FCA600EEB995 /* urg_c-config.in */,
				31EEC9541672FCA600EEB995 /* visual_cpp */,
				31EEC9681672FCA600EEB995 /* windowsexe */,
			);
			path = "urg_library-1.0.3";
			sourceTree = "<group>";
		};
		31EEC91B1672FCA600EEB995 /* include */ = {
			isa = PBXGroup;
			children = (
				31EEC91C1672FCA600EEB995 /* urg_connection.h */,
				31EEC91D1672FCA600EEB995 /* urg_debug.h */,
				31EEC91E1672FCA600EEB995 /* urg_detect_os.h */,
				31EEC91F1672FCA600EEB995 /* urg_errno.h */,
				31EEC9201672FCA600EEB995 /* urg_ring_buffer.h */,
				31EEC9211672FCA600EEB995 /* urg_sensor.h */,
				31EEC9221672FCA600EEB995 /* urg_serial.h */,
				31EEC9231672FCA600EEB995 /* urg_serial_utils.h */,
				31EEC9241672FCA600EEB995 /* urg_tcpclient.h */,
				31EEC9251672FCA600EEB995 /* urg_utils.h */,
			);
			path = include;
			sourceTree = "<group>";
		};
		31EEC92A1672FCA600EEB995 /* samples */ = {
			isa = PBXGroup;
			children = (
				31EEC92C1672FCA600EEB995 /* calculate_xy.c */,
				31EEC92E1672FCA600EEB995 /* find_port.c */,
				31EEC9301672FCA600EEB995 /* get_distance.c */,
				31EEC9321672FCA600EEB995 /* get_distance_intensity.c */,
				31EEC9341672FCA600EEB995 /* get_multiecho.c */,
				31EEC9361672FCA600EEB995 /* get_multiecho_intensity.c */,
				31EEC9371672FCA600EEB995 /* ld_setupapi.sh */,
				31EEC9381672FCA600EEB995 /* ld_wsock.sh */,
				31EEC9391672FCA600EEB995 /* Makefile */,
				31EEC93A1672FCA600EEB995 /* open_urg_sensor.c */,
				31EEC93B1672FCA600EEB995 /* open_urg_sensor.h */,
				31EEC93D1672FCA600EEB995 /* reboot_test.c */,
				31EEC93F1672FCA600EEB995 /* sensor_parameter.c */,
				31EEC9411672FCA600EEB995 /* sync_time_stamp.c */,
				31EEC9421672FCA600EEB995 /* timeout_test.c */,
			);
			path = samples;
			sourceTree = "<group>";
		};
		31EEC9431672FCA600EEB995 /* src */ = {
			isa = PBXGroup;
			children = (
				31EEC9451672FCA600EEB995 /* Makefile */,
				31EEC9461672FCA600EEB995 /* urg_connection.c */,
				31EEC9471672FCA600EEB995 /* urg_debug.c */,
				31EEC9481672FCA600EEB995 /* urg_ring_buffer.c */,
				31EEC9491672FCA600EEB995 /* urg_sensor.c */,
				31EEC94A1672FCA600EEB995 /* urg_serial.c */,
				31EEC94B1672FCA600EEB995 /* urg_serial_linux.c */,
				31EEC94C1672FCA600EEB995 /* urg_serial_utils.c */,
				31EEC94D1672FCA600EEB995 /* urg_serial_utils_linux.c */,
				31EEC94E1672FCA600EEB995 /* urg_serial_utils_windows.c */,
				31EEC94F1672FCA600EEB995 /* urg_serial_windows.c */,
				31EEC9501672FCA600EEB995 /* urg_tcpclient.c */,
				31EEC9511672FCA600EEB995 /* urg_utils.c */,
			);
			path = src;
			sourceTree = "<group>";
		};
		31EEC9541672FCA600EEB995 /* visual_cpp */ = {
			isa = PBXGroup;
			children = (
				31EEC9551672FCA600EEB995 /* calculate_xy */,
				31EEC9571672FCA600EEB995 /* find_port */,
				31EEC9591672FCA600EEB995 /* get_distance */,
				31EEC95B1672FCA600EEB995 /* get_distance_intensity */,
				31EEC95D1672FCA600EEB995 /* get_multiecho */,
				31EEC95F1672FCA600EEB995 /* get_multiecho_intensity */,
				31EEC9611672FCA600EEB995 /* sensor_parameter */,
				31EEC9631672FCA600EEB995 /* sync_time_stamp */,
				31EEC9651672FCA600EEB995 /* urg */,
				31EEC9671672FCA600EEB995 /* urg.sln */,
			);
			path = visual_cpp;
			sourceTree = "<group>";
		};
		31EEC9551672FCA600EEB995 /* calculate_xy */ = {
			isa = PBXGroup;
			children = (
				31EEC9561672FCA600EEB995 /* calculate_xy.vcproj */,
			);
			path = calculate_xy;
			sourceTree = "<group>";
		};
		31EEC9571672FCA600EEB995 /* find_port */ = {
			isa = PBXGroup;
			children = (
				31EEC9581672FCA600EEB995 /* find_port.vcproj */,
			);
			path = find_port;
			sourceTree = "<group>";
		};
		31EEC9591672FCA600EEB995 /* get_distance */ = {
			isa = PBXGroup;
			children = (
				31EEC95A1672FCA600EEB995 /* get_distance.vcproj */,
			);
			path = get_distance;
			sourceTree = "<group>";
		};
		31EEC95B1672FCA600EEB995 /* get_distance_intensity */ = {
			isa = PBXGroup;
			children = (
				31EEC95C1672FCA600EEB995 /* get_distance_intensity.vcproj */,
			);
			path = get_distance_intensity;
			sourceTree = "<group>";
		};
		31EEC95D1672FCA600EEB995 /* get_multiecho */ = {
			isa = PBXGroup;
			children = (
				31EEC95E1672FCA600EEB995 /* get_multiecho.vcproj */,
			);
			path = get_multiecho;
			sourceTree = "<group>";
		};
		31EEC95F1672FCA600EEB995 /* get_multiecho_intensity */ = {
			isa = PBXGroup;
			children = (
				31EEC9601672FCA600EEB995 /* get_multiecho_intensity.vcproj */,
			);
			path = get_multiecho_intensity;
			sourceTree = "<group>";
		};
		31EEC9611672FCA600EEB995 /* sensor_parameter */ = {
			isa = PBXGroup;
			children = (
				31EEC9621672FCA600EEB995 /* sensor_parameter.vcproj */,
			);
			path = sensor_parameter;
			sourceTree = "<group>";
		};
		31EEC9631672FCA600EEB995 /* sync_time_stamp */ = {
			isa = PBXGroup;
			children = (
				31EEC9641672FCA600EEB995 /* sync_time_stamp.vcproj */,
			);
			path = sync_time_stamp;
			sourceTree = "<group>";
		};
		31EEC9651672FCA600EEB995 /* urg */ = {
			isa = PBXGroup;
			children = (
				31EEC9661672FCA600EEB995 /* urg.vcproj */,
			);
			path = urg;
			sourceTree = "<group>";
		};
		31EEC9681672FCA600EEB995 /* windowsexe */ = {
			isa = PBXGroup;
			children = (
				31EEC9691672FCA600EEB995 /* cleanobj.bat */,
				31EEC96A1672FCA600EEB995 /* compile.bat */,
			);
			path = windowsexe;
			sourceTree = "<group>";
		};
/* End PBXGroup section */

/* Begin PBXHeadersBuildPhase section */
		31EEC96D1672FD4100EEB995 /* Headers */ = {
			isa = PBXHeadersBuildPhase;
			buildActionMask = 2147483647;
			files = (
			);
			runOnlyForDeploymentPostprocessing = 0;
		};
/* End PBXHeadersBuildPhase section */

/* Begin PBXNativeTarget section */
		31D72B671676A0EB00230548 /* MickeyMouseApp */ = {
			isa = PBXNativeTarget;
			buildConfigurationList = 31D72B821676A0EC00230548 /* Build configuration list for PBXNativeTarget "MickeyMouseApp" */;
			buildPhases = (
				31D72B641676A0EB00230548 /* Sources */,
				31D72B651676A0EB00230548 /* Frameworks */,
				31D72B661676A0EB00230548 /* Resources */,
			);
			buildRules = (
			);
			dependencies = (
			);
			name = MickeyMouseApp;
			productName = MickeyMouseApp;
			productReference = 31D72B681676A0EB00230548 /* MickeyMouseApp.app */;
			productType = "com.apple.product-type.application";
		};
		31EEC9051672FB0100EEB995 /* dumpStreamingData */ = {
			isa = PBXNativeTarget;
			buildConfigurationList = 31EEC9151672FB0100EEB995 /* Build configuration list for PBXNativeTarget "dumpStreamingData" */;
			buildPhases = (
				31EEC9021672FB0100EEB995 /* Sources */,
				31EEC9031672FB0100EEB995 /* Frameworks */,
				31EEC9041672FB0100EEB995 /* CopyFiles */,
			);
			buildRules = (
			);
			dependencies = (
			);
			name = dumpStreamingData;
			productName = mickeyMouse;
			productReference = 31EEC9061672FB0100EEB995 /* dumpStreamingData */;
			productType = "com.apple.product-type.tool";
		};
		31EEC96E1672FD4100EEB995 /* liburg */ = {
			isa = PBXNativeTarget;
			buildConfigurationList = 31EEC9701672FD4100EEB995 /* Build configuration list for PBXNativeTarget "liburg" */;
			buildPhases = (
				31EEC96B1672FD4100EEB995 /* Sources */,
				31EEC96C1672FD4100EEB995 /* Frameworks */,
				31EEC96D1672FD4100EEB995 /* Headers */,
			);
			buildRules = (
			);
			dependencies = (
			);
			name = liburg;
			productName = liburg;
			productReference = 31EEC96F1672FD4100EEB995 /* liburg.a */;
			productType = "com.apple.product-type.library.static";
		};
		31EEC9821672FE3400EEB995 /* calculate_xy */ = {
			isa = PBXNativeTarget;
			buildConfigurationList = 31EEC98A1672FE3400EEB995 /* Build configuration list for PBXNativeTarget "calculate_xy" */;
			buildPhases = (
				31EEC97F1672FE3400EEB995 /* Sources */,
				31EEC9801672FE3400EEB995 /* Frameworks */,
				31EEC9811672FE3400EEB995 /* CopyFiles */,
			);
			buildRules = (
			);
			dependencies = (
			);
			name = calculate_xy;
			productName = calculate_xy;
			productReference = 31EEC9831672FE3400EEB995 /* calculate_xy */;
			productType = "com.apple.product-type.tool";
		};
/* End PBXNativeTarget section */

/* Begin PBXProject section */
		31EEC8FD1672FB0100EEB995 /* Project object */ = {
			isa = PBXProject;
			attributes = {
				LastUpgradeCheck = 0450;
				ORGANIZATIONNAME = "Rob Mayoff";
			};
			buildConfigurationList = 31EEC9001672FB0100EEB995 /* Build configuration list for PBXProject "mickeyMouse" */;
			compatibilityVersion = "Xcode 3.2";
			developmentRegion = English;
			hasScannedForEncodings = 0;
			knownRegions = (
				en,
			);
			mainGroup = 31EEC8FB1672FB0100EEB995;
			productRefGroup = 31EEC9071672FB0100EEB995 /* Products */;
			projectDirPath = "";
			projectRoot = "";
			targets = (
				31EEC9051672FB0100EEB995 /* dumpStreamingData */,
				31EEC96E1672FD4100EEB995 /* liburg */,
				31EEC9821672FE3400EEB995 /* calculate_xy */,
				31D72B671676A0EB00230548 /* MickeyMouseApp */,
			);
		};
/* End PBXProject section */

/* Begin PBXResourcesBuildPhase section */
		31D72B661676A0EB00230548 /* Resources */ = {
			isa = PBXResourcesBuildPhase;
			buildActionMask = 2147483647;
			files = (
				31D72B751676A0EB00230548 /* InfoPlist.strings in Resources */,
				31D72B7B1676A0EB00230548 /* Credits.rtf in Resources */,
				31D72B811676A0EC00230548 /* MainMenu.xib in Resources */,
				312DD29C167E7A560066B81A /* DeviceController.xib in Resources */,
				312DD2A0167E8E850066B81A /* calibrateUntouchedField.pdf in Resources */,
				312DD2A2167E8F670066B81A /* calibrateTouch.pdf in Resources */,
				312DD2A5167E907A0066B81A /* connect.pdf in Resources */,
				312DD2A6167E907A0066B81A /* disconnect.pdf in Resources */,
				31B41F8116803A0100C04CC0 /* touchCalibrationTarget.pdf in Resources */,
			);
			runOnlyForDeploymentPostprocessing = 0;
		};
/* End PBXResourcesBuildPhase section */

/* Begin PBXSourcesBuildPhase section */
		31D72B641676A0EB00230548 /* Sources */ = {
			isa = PBXSourcesBuildPhase;
			buildActionMask = 2147483647;
			files = (
				31D72B771676A0EB00230548 /* main.m in Sources */,
				31D72B7E1676A0EB00230548 /* AppDelegate.m in Sources */,
				31D72B871676A23400230548 /* RawDataGraphView.m in Sources */,
				31D72B881676A24E00230548 /* Lidar2DManager.m in Sources */,
				31D72B891676A24E00230548 /* Lidar2D.m in Sources */,
				31D72B8A1676A24E00230548 /* SCIP20Channel.m in Sources */,
				31D72B8B1676A24E00230548 /* ByteChannel.m in Sources */,
				31D72B901676DCCD00230548 /* DeviceController.m in Sources */,
				31D72BC01676F01F00230548 /* DeviceControlWindow.m in Sources */,
				31D72C0F167A754800230548 /* TouchDetector.mm in Sources */,
				31D72C12167A865300230548 /* DqdObserverSet.m in Sources */,
				313F1500167E2505009E4A80 /* Lidar2DConnection.m in Sources */,
				314DEBA616803EB20060CD61 /* TouchCalibrationTargetPanel.m in Sources */,
			);
			runOnlyForDeploymentPostprocessing = 0;
		};
		31EEC9021672FB0100EEB995 /* Sources */ = {
			isa = PBXSourcesBuildPhase;
			buildActionMask = 2147483647;
			files = (
				31EEC90E1672FB0100EEB995 /* main.m in Sources */,
				31EEC99C167333E500EEB995 /* Lidar2DManager.m in Sources */,
				31EEC9A416733A8600EEB995 /* Application.m in Sources */,
				31EEC9A71673D82F00EEB995 /* Lidar2D.m in Sources */,
				31D72B52167548F300230548 /* SCIP20Channel.m in Sources */,
				31D72B5616755C9600230548 /* ByteChannel.m in Sources */,
				31D72B6316767A0C00230548 /* Dumper.m in Sources */,
				31D72C1E167B331000230548 /* Lidar2DConnection.m in Sources */,
				31D72C21167B3FF000230548 /* DqdObserverSet.m in Sources */,
			);
			runOnlyForDeploymentPostprocessing = 0;
		};
		31EEC96B1672FD4100EEB995 /* Sources */ = {
			isa = PBXSourcesBuildPhase;
			buildActionMask = 2147483647;
			files = (
				31EEC9731672FD5200EEB995 /* urg_connection.c in Sources */,
				31EEC9741672FD5200EEB995 /* urg_debug.c in Sources */,
				31EEC9751672FD5200EEB995 /* urg_ring_buffer.c in Sources */,
				31EEC9761672FD5200EEB995 /* urg_sensor.c in Sources */,
				31EEC9771672FD5200EEB995 /* urg_serial.c in Sources */,
				31EEC9791672FD5200EEB995 /* urg_serial_utils.c in Sources */,
				31EEC97D1672FD5200EEB995 /* urg_tcpclient.c in Sources */,
				31EEC97E1672FD5200EEB995 /* urg_utils.c in Sources */,
			);
			runOnlyForDeploymentPostprocessing = 0;
		};
		31EEC97F1672FE3400EEB995 /* Sources */ = {
			isa = PBXSourcesBuildPhase;
			buildActionMask = 2147483647;
			files = (
				31EEC98D1672FE4700EEB995 /* calculate_xy.c in Sources */,
				31EEC9901672FF7C00EEB995 /* open_urg_sensor.c in Sources */,
			);
			runOnlyForDeploymentPostprocessing = 0;
		};
/* End PBXSourcesBuildPhase section */

/* Begin PBXVariantGroup section */
		31D72B731676A0EB00230548 /* InfoPlist.strings */ = {
			isa = PBXVariantGroup;
			children = (
				31D72B741676A0EB00230548 /* en */,
			);
			name = InfoPlist.strings;
			sourceTree = "<group>";
		};
		31D72B791676A0EB00230548 /* Credits.rtf */ = {
			isa = PBXVariantGroup;
			children = (
				31D72B7A1676A0EB00230548 /* en */,
			);
			name = Credits.rtf;
			sourceTree = "<group>";
		};
		31D72B7F1676A0EC00230548 /* MainMenu.xib */ = {
			isa = PBXVariantGroup;
			children = (
				31D72B801676A0EC00230548 /* en */,
			);
			name = MainMenu.xib;
			sourceTree = "<group>";
		};
/* End PBXVariantGroup section */

/* Begin XCBuildConfiguration section */
		31D72B831676A0EC00230548 /* Debug */ = {
			isa = XCBuildConfiguration;
			buildSettings = {
				CLANG_WARN_OBJC_MISSING_PROPERTY_SYNTHESIS = YES;
				COMBINE_HIDPI_IMAGES = YES;
				GCC_PRECOMPILE_PREFIX_HEADER = YES;
				GCC_PREFIX_HEADER = "MickeyMouseApp/MickeyMouseApp-Prefix.pch";
				INFOPLIST_FILE = "MickeyMouseApp/MickeyMouseApp-Info.plist";
				PRODUCT_NAME = "$(TARGET_NAME)";
				WRAPPER_EXTENSION = app;
			};
			name = Debug;
		};
		31D72B841676A0EC00230548 /* Release */ = {
			isa = XCBuildConfiguration;
			buildSettings = {
				CLANG_WARN_OBJC_MISSING_PROPERTY_SYNTHESIS = YES;
				COMBINE_HIDPI_IMAGES = YES;
				GCC_PRECOMPILE_PREFIX_HEADER = YES;
				GCC_PREFIX_HEADER = "MickeyMouseApp/MickeyMouseApp-Prefix.pch";
				INFOPLIST_FILE = "MickeyMouseApp/MickeyMouseApp-Info.plist";
				PRODUCT_NAME = "$(TARGET_NAME)";
				WRAPPER_EXTENSION = app;
			};
			name = Release;
		};
		31EEC9131672FB0100EEB995 /* Debug */ = {
			isa = XCBuildConfiguration;
			buildSettings = {
				ALWAYS_SEARCH_USER_PATHS = NO;
				ARCHS = "$(ARCHS_STANDARD_64_BIT)";
				CLANG_CXX_LANGUAGE_STANDARD = "gnu++0x";
				CLANG_CXX_LIBRARY = "libc++";
				CLANG_ENABLE_OBJC_ARC = YES;
				CLANG_WARN_EMPTY_BODY = YES;
				CLANG_WARN__DUPLICATE_METHOD_MATCH = YES;
				COPY_PHASE_STRIP = NO;
				GCC_C_LANGUAGE_STANDARD = gnu99;
				GCC_DYNAMIC_NO_PIC = NO;
				GCC_ENABLE_OBJC_EXCEPTIONS = YES;
				GCC_OPTIMIZATION_LEVEL = 0;
				GCC_PREPROCESSOR_DEFINITIONS = (
					"DEBUG=1",
					"$(inherited)",
				);
				GCC_SYMBOLS_PRIVATE_EXTERN = NO;
				GCC_WARN_64_TO_32_BIT_CONVERSION = YES;
				GCC_WARN_ABOUT_RETURN_TYPE = YES;
				GCC_WARN_UNINITIALIZED_AUTOS = YES;
				GCC_WARN_UNUSED_VARIABLE = YES;
				MACOSX_DEPLOYMENT_TARGET = 10.7;
				ONLY_ACTIVE_ARCH = YES;
				SDKROOT = macosx;
				WARNING_CFLAGS = (
					"-Wall",
					"-Wextra",
				);
			};
			name = Debug;
		};
		31EEC9141672FB0100EEB995 /* Release */ = {
			isa = XCBuildConfiguration;
			buildSettings = {
				ALWAYS_SEARCH_USER_PATHS = NO;
				ARCHS = "$(ARCHS_STANDARD_64_BIT)";
				CLANG_CXX_LANGUAGE_STANDARD = "gnu++0x";
				CLANG_CXX_LIBRARY = "libc++";
				CLANG_ENABLE_OBJC_ARC = YES;
				CLANG_WARN_EMPTY_BODY = YES;
				CLANG_WARN__DUPLICATE_METHOD_MATCH = YES;
				COPY_PHASE_STRIP = YES;
				DEBUG_INFORMATION_FORMAT = "dwarf-with-dsym";
				GCC_C_LANGUAGE_STANDARD = gnu99;
				GCC_ENABLE_OBJC_EXCEPTIONS = YES;
				GCC_WARN_64_TO_32_BIT_CONVERSION = YES;
				GCC_WARN_ABOUT_RETURN_TYPE = YES;
				GCC_WARN_UNINITIALIZED_AUTOS = YES;
				GCC_WARN_UNUSED_VARIABLE = YES;
				MACOSX_DEPLOYMENT_TARGET = 10.7;
				SDKROOT = macosx;
				WARNING_CFLAGS = (
					"-Wall",
					"-Wextra",
				);
			};
			name = Release;
		};
		31EEC9161672FB0100EEB995 /* Debug */ = {
			isa = XCBuildConfiguration;
			buildSettings = {
				GCC_PRECOMPILE_PREFIX_HEADER = YES;
				GCC_PREFIX_HEADER = "dumpStreamingData/dumpStreamingData-Prefix.pch";
				PRODUCT_NAME = "$(TARGET_NAME)";
			};
			name = Debug;
		};
		31EEC9171672FB0100EEB995 /* Release */ = {
			isa = XCBuildConfiguration;
			buildSettings = {
				GCC_PRECOMPILE_PREFIX_HEADER = YES;
				GCC_PREFIX_HEADER = "dumpStreamingData/dumpStreamingData-Prefix.pch";
				PRODUCT_NAME = "$(TARGET_NAME)";
			};
			name = Release;
		};
		31EEC9711672FD4100EEB995 /* Debug */ = {
			isa = XCBuildConfiguration;
			buildSettings = {
				EXECUTABLE_PREFIX = lib;
				PRODUCT_NAME = urg;
			};
			name = Debug;
		};
		31EEC9721672FD4100EEB995 /* Release */ = {
			isa = XCBuildConfiguration;
			buildSettings = {
				EXECUTABLE_PREFIX = lib;
				PRODUCT_NAME = urg;
			};
			name = Release;
		};
		31EEC98B1672FE3400EEB995 /* Debug */ = {
			isa = XCBuildConfiguration;
			buildSettings = {
				PRODUCT_NAME = "$(TARGET_NAME)";
			};
			name = Debug;
		};
		31EEC98C1672FE3400EEB995 /* Release */ = {
			isa = XCBuildConfiguration;
			buildSettings = {
				PRODUCT_NAME = "$(TARGET_NAME)";
			};
			name = Release;
		};
/* End XCBuildConfiguration section */

/* Begin XCConfigurationList section */
		31D72B821676A0EC00230548 /* Build configuration list for PBXNativeTarget "MickeyMouseApp" */ = {
			isa = XCConfigurationList;
			buildConfigurations = (
				31D72B831676A0EC00230548 /* Debug */,
				31D72B841676A0EC00230548 /* Release */,
			);
			defaultConfigurationIsVisible = 0;
			defaultConfigurationName = Release;
		};
		31EEC9001672FB0100EEB995 /* Build configuration list for PBXProject "mickeyMouse" */ = {
			isa = XCConfigurationList;
			buildConfigurations = (
				31EEC9131672FB0100EEB995 /* Debug */,
				31EEC9141672FB0100EEB995 /* Release */,
			);
			defaultConfigurationIsVisible = 0;
			defaultConfigurationName = Release;
		};
		31EEC9151672FB0100EEB995 /* Build configuration list for PBXNativeTarget "dumpStreamingData" */ = {
			isa = XCConfigurationList;
			buildConfigurations = (
				31EEC9161672FB0100EEB995 /* Debug */,
				31EEC9171672FB0100EEB995 /* Release */,
			);
			defaultConfigurationIsVisible = 0;
			defaultConfigurationName = Release;
		};
		31EEC9701672FD4100EEB995 /* Build configuration list for PBXNativeTarget "liburg" */ = {
			isa = XCConfigurationList;
			buildConfigurations = (
				31EEC9711672FD4100EEB995 /* Debug */,
				31EEC9721672FD4100EEB995 /* Release */,
			);
			defaultConfigurationIsVisible = 0;
			defaultConfigurationName = Release;
		};
		31EEC98A1672FE3400EEB995 /* Build configuration list for PBXNativeTarget "calculate_xy" */ = {
			isa = XCConfigurationList;
			buildConfigurations = (
				31EEC98B1672FE3400EEB995 /* Debug */,
				31EEC98C1672FE3400EEB995 /* Release */,
			);
			defaultConfigurationIsVisible = 0;
			defaultConfigurationName = Release;
		};
/* End XCConfigurationList section */
	};
	rootObject = 31EEC8FD1672FB0100EEB995 /* Project object */;
}
